{
  "name": "lang-detect",
  "version": "1.0.0",
  "lockfileVersion": 2,
  "requires": true,
  "packages": {
    "": {
      "version": "1.0.0",
      "license": "ISC",
      "dependencies": {
        "langcheck": "^2.3.2",
        "languagedetect": "^2.0.0"
      }
    },
    "node_modules/classificator": {
      "version": "0.3.2",
      "resolved": "https://registry.npmjs.org/classificator/-/classificator-0.3.2.tgz",
      "integrity": "sha512-B69pTuf/CEmvBXQ5XRpoHDJi9wHrQMwzSsq1y8W2MF/ltGyksUbvvN6TbNvc0amuG4DNq9d7E8r5bFx7M6pCdg==",
      "dependencies": {
        "decimal.js": "^10.0.0"
      },
      "engines": {
        "node": ">=5.0.0"
      }
    },
    "node_modules/decimal.js": {
      "version": "10.3.1",
      "resolved": "https://registry.npmjs.org/decimal.js/-/decimal.js-10.3.1.tgz",
      "integrity": "sha512-V0pfhfr8suzyPGOx3nmq4aHqabehUZn6Ch9kyFpV79TGDTWFmHqUqXdabR7QHqxzrYolF4+tVmJhUG4OURg5dQ=="
    },
    "node_modules/langcheck": {
      "version": "2.3.2",
      "resolved": "https://registry.npmjs.org/langcheck/-/langcheck-2.3.2.tgz",
      "integrity": "sha512-rMvq5UAOl8Tydhj93/fqtJtXE6HTFCpLlTRt0ZbxaR9hwY0PmgbFHbhwN9rBFJD2t2F+13uza+u8zQSUs+wLCw==",
      "dependencies": {
        "classificator": "0.3.2"
      }
    },
    "node_modules/languagedetect": {
      "version": "2.0.0",
      "resolved": "https://registry.npmjs.org/languagedetect/-/languagedetect-2.0.0.tgz",
      "integrity": "sha512-AZb/liiQ+6ZoTj4f1J0aE6OkzhCo8fyH+tuSaPfSo8YHCWLFJrdSixhtO2TYdIkjcDQNaR4RmGaV2A5FJklDMQ==",
      "engines": {
        "node": ">= 0.4.8"
      }
    }
  },
  "dependencies": {
    "classificator": {
      "version": "0.3.2",
      "resolved": "https://registry.npmjs.org/classificator/-/classificator-0.3.2.tgz",
      "integrity": "sha512-B69pTuf/CEmvBXQ5XRpoHDJi9wHrQMwzSsq1y8W2MF/ltGyksUbvvN6TbNvc0amuG4DNq9d7E8r5bFx7M6pCdg==",
      "requires": {
        "decimal.js": "^10.0.0"
      }
    },
    "decimal.js": {
      "version": "10.3.1",
      "resolved": "https://registry.npmjs.org/decimal.js/-/decimal.js-10.3.1.tgz",
      "integrity": "sha512-V0pfhfr8suzyPGOx3nmq4aHqabehUZn6Ch9kyFpV79TGDTWFmHqUqXdabR7QHqxzrYolF4+tVmJhUG4OURg5dQ=="
    },
    "langcheck": {
      "version": "2.3.2",
      "resolved": "https://registry.npmjs.org/langcheck/-/langcheck-2.3.2.tgz",
      "integrity": "sha512-rMvq5UAOl8Tydhj93/fqtJtXE6HTFCpLlTRt0ZbxaR9hwY0PmgbFHbhwN9rBFJD2t2F+13uza+u8zQSUs+wLCw==",
      "requires": {
        "classificator": "0.3.2"
      }
    },
    "languagedetect": {
      "version": "2.0.0",
      "resolved": "https://registry.npmjs.org/languagedetect/-/languagedetect-2.0.0.tgz",
      "integrity": "sha512-AZb/liiQ+6ZoTj4f1J0aE6OkzhCo8fyH+tuSaPfSo8YHCWLFJrdSixhtO2TYdIkjcDQNaR4RmGaV2A5FJklDMQ=="
    }
  }
}
